// !$*UTF8*$!
{
	archiveVersion = 1;
	classes = {
	};
	objectVersion = 77;
	objects = {

/* Begin PBXContainerItemProxy section */
		EBEAD8B52E5614CC007B6C5B /* PBXContainerItemProxy */ = {
			isa = PBXContainerItemProxy;
			containerPortal = EBEAD89F2E5614CB007B6C5B /* Project object */;
			proxyType = 1;
			remoteGlobalIDString = EBEAD8A62E5614CB007B6C5B;
			remoteInfo = temp_0;
		};
		EBEAD8BF2E5614CC007B6C5B /* PBXContainerItemProxy */ = {
			isa = PBXContainerItemProxy;
			containerPortal = EBEAD89F2E5614CB007B6C5B /* Project object */;
			proxyType = 1;
			remoteGlobalIDString = EBEAD8A62E5614CB007B6C5B;
			remoteInfo = temp_0;
		};
/* End PBXContainerItemProxy section */

/* Begin PBXFileReference section */
		EBEAD8A72E5614CB007B6C5B /* temp_0.app */ = {isa = PBXFileReference; explicitFileType = wrapper.application; includeInIndex = 0; path = temp_0.app; sourceTree = BUILT_PRODUCTS_DIR; };
		EBEAD8B42E5614CC007B6C5B /* temp_0Tests.xctest */ = {isa = PBXFileReference; explicitFileType = wrapper.cfbundle; includeInIndex = 0; path = temp_0Tests.xctest; sourceTree = BUILT_PRODUCTS_DIR; };
		EBEAD8BE2E5614CC007B6C5B /* temp_0UITests.xctest */ = {isa = PBXFileReference; explicitFileType = wrapper.cfbundle; includeInIndex = 0; path = temp_0UITests.xctest; sourceTree = BUILT_PRODUCTS_DIR; };
/* End PBXFileReference section */

/* Begin PBXFileSystemSynchronizedRootGroup section */
		EBEAD8A92E5614CB007B6C5B /* temp_0 */ = {
			isa = PBXFileSystemSynchronizedRootGroup;
			path = temp_0;
			sourceTree = "<group>";
		};
		EBEAD8B72E5614CC007B6C5B /* temp_0Tests */ = {
			isa = PBXFileSystemSynchronizedRootGroup;
			path = temp_0Tests;
			sourceTree = "<group>";
		};
		EBEAD8C12E5614CC007B6C5B /* temp_0UITests */ = {
			isa = PBXFileSystemSynchronizedRootGroup;
			path = temp_0UITests;
			sourceTree = "<group>";
		};
/* End PBXFileSystemSynchronizedRootGroup section */

/* Begin PBXFrameworksBuildPhase section */
		EBEAD8A42E5614CB007B6C5B /* Frameworks */ = {
			isa = PBXFrameworksBuildPhase;
			buildActionMask = 2147483647;
			files = (
			);
			runOnlyForDeploymentPostprocessing = 0;
		};
		EBEAD8B12E5614CC007B6C5B /* Frameworks */ = {
			isa = PBXFrameworksBuildPhase;
			buildActionMask = 2147483647;
			files = (
			);
			runOnlyForDeploymentPostprocessing = 0;
		};
		EBEAD8BB2E5614CC007B6C5B /* Frameworks */ = {
			isa = PBXFrameworksBuildPhase;
			buildActionMask = 2147483647;
			files = (
			);
			runOnlyForDeploymentPostprocessing = 0;
		};
/* End PBXFrameworksBuildPhase section */

/* Begin PBXGroup section */
		EBEAD89E2E5614CB007B6C5B = {
			isa = PBXGroup;
			children = (
				EBEAD8A92E5614CB007B6C5B /* temp_0 */,
				EBEAD8B72E5614CC007B6C5B /* temp_0Tests */,
				EBEAD8C12E5614CC007B6C5B /* temp_0UITests */,
				EBEAD8A82E5614CB007B6C5B /* Products */,
			);
			sourceTree = "<group>";
		};
		EBEAD8A82E5614CB007B6C5B /* Products */ = {
			isa = PBXGroup;
			children = (
				EBEAD8A72E5614CB007B6C5B /* temp_0.app */,
				EBEAD8B42E5614CC007B6C5B /* temp_0Tests.xctest */,
				EBEAD8BE2E5614CC007B6C5B /* temp_0UITests.xctest */,
			);
			name = Products;
			sourceTree = "<group>";
		};
/* End PBXGroup section */

/* Begin PBXNativeTarget section */
		EBEAD8A62E5614CB007B6C5B /* temp_0 */ = {
			isa = PBXNativeTarget;
			buildConfigurationList = EBEAD8C82E5614CC007B6C5B /* Build configuration list for PBXNativeTarget "temp_0" */;
			buildPhases = (
				EBEAD8A32E5614CB007B6C5B /* Sources */,
				EBEAD8A42E5614CB007B6C5B /* Frameworks */,
				EBEAD8A52E5614CB007B6C5B /* Resources */,
			);
			buildRules = (
			);
			dependencies = (
			);
			fileSystemSynchronizedGroups = (
				EBEAD8A92E5614CB007B6C5B /* temp_0 */,
			);
			name = temp_0;
			packageProductDependencies = (
			);
			productName = temp_0;
			productReference = EBEAD8A72E5614CB007B6C5B /* temp_0.app */;
			productType = "com.apple.product-type.application";
		};
		EBEAD8B32E5614CC007B6C5B /* temp_0Tests */ = {
			isa = PBXNativeTarget;
			buildConfigurationList = EBEAD8CB2E5614CC007B6C5B /* Build configuration list for PBXNativeTarget "temp_0Tests" */;
			buildPhases = (
				EBEAD8B02E5614CC007B6C5B /* Sources */,
				EBEAD8B12E5614CC007B6C5B /* Frameworks */,
				EBEAD8B22E5614CC007B6C5B /* Resources */,
			);
			buildRules = (
			);
			dependencies = (
				EBEAD8B62E5614CC007B6C5B /* PBXTargetDependency */,
			);
			fileSystemSynchronizedGroups = (
				EBEAD8B72E5614CC007B6C5B /* temp_0Tests */,
			);
			name = temp_0Tests;
			packageProductDependencies = (
			);
			productName = temp_0Tests;
			productReference = EBEAD8B42E5614CC007B6C5B /* temp_0Tests.xctest */;
			productType = "com.apple.product-type.bundle.unit-test";
		};
		EBEAD8BD2E5614CC007B6C5B /* temp_0UITests */ = {
			isa = PBXNativeTarget;
			buildConfigurationList = EBEAD8CE2E5614CC007B6C5B /* Build configuration list for PBXNativeTarget "temp_0UITests" */;
			buildPhases = (
				EBEAD8BA2E5614CC007B6C5B /* Sources */,
				EBEAD8BB2E5614CC007B6C5B /* Frameworks */,
				EBEAD8BC2E5614CC007B6C5B /* Resources */,
			);
			buildRules = (
			);
			dependencies = (
				EBEAD8C02E5614CC007B6C5B /* PBXTargetDependency */,
			);
			fileSystemSynchronizedGroups = (
				EBEAD8C12E5614CC007B6C5B /* temp_0UITests */,
			);
			name = temp_0UITests;
			packageProductDependencies = (
			);
			productName = temp_0UITests;
			productReference = EBEAD8BE2E5614CC007B6C5B /* temp_0UITests.xctest */;
			productType = "com.apple.product-type.bundle.ui-testing";
		};
/* End PBXNativeTarget section */

/* Begin PBXProject section */
		EBEAD89F2E5614CB007B6C5B /* Project object */ = {
			isa = PBXProject;
			attributes = {
				BuildIndependentTargetsInParallel = 1;
				LastSwiftUpdateCheck = 1640;
				LastUpgradeCheck = 1640;
				TargetAttributes = {
					EBEAD8A62E5614CB007B6C5B = {
						CreatedOnToolsVersion = 16.4;
					};
					EBEAD8B32E5614CC007B6C5B = {
						CreatedOnToolsVersion = 16.4;
						TestTargetID = EBEAD8A62E5614CB007B6C5B;
					};
					EBEAD8BD2E5614CC007B6C5B = {
						CreatedOnToolsVersion = 16.4;
						TestTargetID = EBEAD8A62E5614CB007B6C5B;
					};
				};
			};
			buildConfigurationList = EBEAD8A22E5614CB007B6C5B /* Build configuration list for PBXProject "temp_0" */;
			developmentRegion = en;
			hasScannedForEncodings = 0;
			knownRegions = (
				en,
				Base,
			);
			mainGroup = EBEAD89E2E5614CB007B6C5B;
			minimizedProjectReferenceProxies = 1;
			packageReferences = (
			);
			preferredProjectObjectVersion = 77;
			productRefGroup = EBEAD8A82E5614CB007B6C5B /* Products */;
			projectDirPath = "";
			projectRoot = "";
			targets = (
				EBEAD8A62E5614CB007B6C5B /* temp_0 */,
				EBEAD8B32E5614CC007B6C5B /* temp_0Tests */,
				EBEAD8BD2E5614CC007B6C5B /* temp_0UITests */,
			);
		};
/* End PBXProject section */

/* Begin PBXResourcesBuildPhase section */
		EBEAD8A52E5614CB007B6C5B /* Resources */ = {
			isa = PBXResourcesBuildPhase;
			buildActionMask = 2147483647;
			files = (
			);
			runOnlyForDeploymentPostprocessing = 0;
		};
		EBEAD8B22E5614CC007B6C5B /* Resources */ = {
			isa = PBXResourcesBuildPhase;
			buildActionMask = 2147483647;
			files = (
			);
			runOnlyForDeploymentPostprocessing = 0;
		};
		EBEAD8BC2E5614CC007B6C5B /* Resources */ = {
			isa = PBXResourcesBuildPhase;
			buildActionMask = 2147483647;
			files = (
			);
			runOnlyForDeploymentPostprocessing = 0;
		};
/* End PBXResourcesBuildPhase section */

/* Begin PBXSourcesBuildPhase section */
		EBEAD8A32E5614CB007B6C5B /* Sources */ = {
			isa = PBXSourcesBuildPhase;
			buildActionMask = 2147483647;
			files = (
			);
			runOnlyForDeploymentPostprocessing = 0;
		};
		EBEAD8B02E5614CC007B6C5B /* Sources */ = {
			isa = PBXSourcesBuildPhase;
			buildActionMask = 2147483647;
			files = (
			);
			runOnlyForDeploymentPostprocessing = 0;
		};
		EBEAD8BA2E5614CC007B6C5B /* Sources */ = {
			isa = PBXSourcesBuildPhase;
			buildActionMask = 2147483647;
			files = (
			);
			runOnlyForDeploymentPostprocessing = 0;
		};
/* End PBXSourcesBuildPhase section */

/* Begin PBXTargetDependency section */
		EBEAD8B62E5614CC007B6C5B /* PBXTargetDependency */ = {
			isa = PBXTargetDependency;
			target = EBEAD8A62E5614CB007B6C5B /* temp_0 */;
			targetProxy = EBEAD8B52E5614CC007B6C5B /* PBXContainerItemProxy */;
		};
		EBEAD8C02E5614CC007B6C5B /* PBXTargetDependency */ = {
			isa = PBXTargetDependency;
			target = EBEAD8A62E5614CB007B6C5B /* temp_0 */;
			targetProxy = EBEAD8BF2E5614CC007B6C5B /* PBXContainerItemProxy */;
		};
/* End PBXTargetDependency section */

/* Begin XCBuildConfiguration section */
		EBEAD8C62E5614CC007B6C5B /* Debug */ = {
			isa = XCBuildConfiguration;
			buildSettings = {
				ALWAYS_SEARCH_USER_PATHS = NO;
				ASSETCATALOG_COMPILER_GENERATE_SWIFT_ASSET_SYMBOL_EXTENSIONS = YES;
				CLANG_ANALYZER_NONNULL = YES;
				CLANG_ANALYZER_NUMBER_OBJECT_CONVERSION = YES_AGGRESSIVE;
				CLANG_CXX_LANGUAGE_STANDARD = "gnu++20";
				CLANG_ENABLE_MODULES = YES;
				CLANG_ENABLE_OBJC_ARC = YES;
				CLANG_ENABLE_OBJC_WEAK = YES;
				CLANG_WARN_BLOCK_CAPTURE_AUTORELEASING = YES;
				CLANG_WARN_BOOL_CONVERSION = YES;
				CLANG_WARN_COMMA = YES;
				CLANG_WARN_CONSTANT_CONVERSION = YES;
				CLANG_WARN_DEPRECATED_OBJC_IMPLEMENTATIONS = YES;
				CLANG_WARN_DIRECT_OBJC_ISA_USAGE = YES_ERROR;
				CLANG_WARN_DOCUMENTATION_COMMENTS = YES;
				CLANG_WARN_EMPTY_BODY = YES;
				CLANG_WARN_ENUM_CONVERSION = YES;
				CLANG_WARN_INFINITE_RECURSION = YES;
				CLANG_WARN_INT_CONVERSION = YES;
				CLANG_WARN_NON_LITERAL_NULL_CONVERSION = YES;
				CLANG_WARN_OBJC_IMPLICIT_RETAIN_SELF = YES;
				CLANG_WARN_OBJC_LITERAL_CONVERSION = YES;
				CLANG_WARN_OBJC_ROOT_CLASS = YES_ERROR;
				CLANG_WARN_QUOTED_INCLUDE_IN_FRAMEWORK_HEADER = YES;
				CLANG_WARN_RANGE_LOOP_ANALYSIS = YES;
				CLANG_WARN_STRICT_PROTOTYPES = YES;
				CLANG_WARN_SUSPICIOUS_MOVE = YES;
				CLANG_WARN_UNGUARDED_AVAILABILITY = YES_AGGRESSIVE;
				CLANG_WARN_UNREACHABLE_CODE = YES;
				CLANG_WARN__DUPLICATE_METHOD_MATCH = YES;
				COPY_PHASE_STRIP = NO;
				DEBUG_INFORMATION_FORMAT = dwarf;
				DEVELOPMENT_TEAM = 3GP25G7FT2;
				ENABLE_STRICT_OBJC_MSGSEND = YES;
				ENABLE_TESTABILITY = YES;
				ENABLE_USER_SCRIPT_SANDBOXING = YES;
				GCC_C_LANGUAGE_STANDARD = gnu17;
				GCC_DYNAMIC_NO_PIC = NO;
				GCC_NO_COMMON_BLOCKS = YES;
				GCC_OPTIMIZATION_LEVEL = 0;
				GCC_PREPROCESSOR_DEFINITIONS = (
					"DEBUG=1",
					"$(inherited)",
				);
				GCC_WARN_64_TO_32_BIT_CONVERSION = YES;
				GCC_WARN_ABOUT_RETURN_TYPE = YES_ERROR;
				GCC_WARN_UNDECLARED_SELECTOR = YES;
				GCC_WARN_UNINITIALIZED_AUTOS = YES_AGGRESSIVE;
				GCC_WARN_UNUSED_FUNCTION = YES;
				GCC_WARN_UNUSED_VARIABLE = YES;
				IPHONEOS_DEPLOYMENT_TARGET = 18.5;
				LOCALIZATION_PREFERS_STRING_CATALOGS = YES;
				MTL_ENABLE_DEBUG_INFO = INCLUDE_SOURCE;
				MTL_FAST_MATH = YES;
				ONLY_ACTIVE_ARCH = YES;
				SDKROOT = iphoneos;
				SWIFT_ACTIVE_COMPILATION_CONDITIONS = "DEBUG $(inherited)";
				SWIFT_OPTIMIZATION_LEVEL = "-Onone";
			};
			name = Debug;
		};
		EBEAD8C72E5614CC007B6C5B /* Release */ = {
			isa = XCBuildConfiguration;
			buildSettings = {
				ALWAYS_SEARCH_USER_PATHS = NO;
				ASSETCATALOG_COMPILER_GENERATE_SWIFT_ASSET_SYMBOL_EXTENSIONS = YES;
				CLANG_ANALYZER_NONNULL = YES;
				CLANG_ANALYZER_NUMBER_OBJECT_CONVERSION = YES_AGGRESSIVE;
				CLANG_CXX_LANGUAGE_STANDARD = "gnu++20";
				CLANG_ENABLE_MODULES = YES;
				CLANG_ENABLE_OBJC_ARC = YES;
				CLANG_ENABLE_OBJC_WEAK = YES;
				CLANG_WARN_BLOCK_CAPTURE_AUTORELEASING = YES;
				CLANG_WARN_BOOL_CONVERSION = YES;
				CLANG_WARN_COMMA = YES;
				CLANG_WARN_CONSTANT_CONVERSION = YES;
				CLANG_WARN_DEPRECATED_OBJC_IMPLEMENTATIONS = YES;
				CLANG_WARN_DIRECT_OBJC_ISA_USAGE = YES_ERROR;
				CLANG_WARN_DOCUMENTATION_COMMENTS = YES;
				CLANG_WARN_EMPTY_BODY = YES;
				CLANG_WARN_ENUM_CONVERSION = YES;
				CLANG_WARN_INFINITE_RECURSION = YES;
				CLANG_WARN_INT_CONVERSION = YES;
				CLANG_WARN_NON_LITERAL_NULL_CONVERSION = YES;
				CLANG_WARN_OBJC_IMPLICIT_RETAIN_SELF = YES;
				CLANG_WARN_OBJC_LITERAL_CONVERSION = YES;
				CLANG_WARN_OBJC_ROOT_CLASS = YES_ERROR;
				CLANG_WARN_QUOTED_INCLUDE_IN_FRAMEWORK_HEADER = YES;
				CLANG_WARN_RANGE_LOOP_ANALYSIS = YES;
				CLANG_WARN_STRICT_PROTOTYPES = YES;
				CLANG_WARN_SUSPICIOUS_MOVE = YES;
				CLANG_WARN_UNGUARDED_AVAILABILITY = YES_AGGRESSIVE;
				CLANG_WARN_UNREACHABLE_CODE = YES;
				CLANG_WARN__DUPLICATE_METHOD_MATCH = YES;
				COPY_PHASE_STRIP = NO;
				DEBUG_INFORMATION_FORMAT = "dwarf-with-dsym";
				DEVELOPMENT_TEAM = 3GP25G7FT2;
				ENABLE_NS_ASSERTIONS = NO;
				ENABLE_STRICT_OBJC_MSGSEND = YES;
				ENABLE_USER_SCRIPT_SANDBOXING = YES;
				GCC_C_LANGUAGE_STANDARD = gnu17;
				GCC_NO_COMMON_BLOCKS = YES;
				GCC_WARN_64_TO_32_BIT_CONVERSION = YES;
				GCC_WARN_ABOUT_RETURN_TYPE = YES_ERROR;
				GCC_WARN_UNDECLARED_SELECTOR = YES;
				GCC_WARN_UNINITIALIZED_AUTOS = YES_AGGRESSIVE;
				GCC_WARN_UNUSED_FUNCTION = YES;
				GCC_WARN_UNUSED_VARIABLE = YES;
				IPHONEOS_DEPLOYMENT_TARGET = 18.5;
				LOCALIZATION_PREFERS_STRING_CATALOGS = YES;
				MTL_ENABLE_DEBUG_INFO = NO;
				MTL_FAST_MATH = YES;
				SDKROOT = iphoneos;
				SWIFT_COMPILATION_MODE = wholemodule;
				VALIDATE_PRODUCT = YES;
			};
			name = Release;
		};
		EBEAD8C92E5614CC007B6C5B /* Debug */ = {
			isa = XCBuildConfiguration;
			buildSettings = {
				ASSETCATALOG_COMPILER_APPICON_NAME = AppIcon;
				ASSETCATALOG_COMPILER_GLOBAL_ACCENT_COLOR_NAME = AccentColor;
				CODE_SIGN_STYLE = Automatic;
				CURRENT_PROJECT_VERSION = 1;
				DEVELOPMENT_TEAM = 3GP25G7FT2;
				ENABLE_PREVIEWS = YES;
				GENERATE_INFOPLIST_FILE = YES;
				INFOPLIST_KEY_UIApplicationSceneManifest_Generation = YES;
				INFOPLIST_KEY_UIApplicationSupportsIndirectInputEvents = YES;
				INFOPLIST_KEY_UILaunchScreen_Generation = YES;
				INFOPLIST_KEY_UISupportedInterfaceOrientations_iPad = "UIInterfaceOrientationPortrait UIInterfaceOrientationPortraitUpsideDown UIInterfaceOrientationLandscapeLeft UIInterfaceOrientationLandscapeRight";
				INFOPLIST_KEY_UISupportedInterfaceOrientations_iPhone = "UIInterfaceOrientationPortrait UIInterfaceOrientationLandscapeLeft UIInterfaceOrientationLandscapeRight";
				LD_RUNPATH_SEARCH_PATHS = (
					"$(inherited)",
					"@executable_path/Frameworks",
				);
				MARKETING_VERSION = 1.0;
				PRODUCT_BUNDLE_IDENTIFIER = "com.wiktorg.temp-0";
				PRODUCT_NAME = "$(TARGET_NAME)";
				SWIFT_EMIT_LOC_STRINGS = YES;
				SWIFT_VERSION = 5.0;
				TARGETED_DEVICE_FAMILY = "1,2";
			};
			name = Debug;
		};
		EBEAD8CA2E5614CC007B6C5B /* Release */ = {
			isa = XCBuildConfiguration;
			buildSettings = {
				ASSETCATALOG_COMPILER_APPICON_NAME = AppIcon;
				ASSETCATALOG_COMPILER_GLOBAL_ACCENT_COLOR_NAME = AccentColor;
				CODE_SIGN_STYLE = Automatic;
				CURRENT_PROJECT_VERSION = 1;
				DEVELOPMENT_TEAM = 3GP25G7FT2;
				ENABLE_PREVIEWS = YES;
				GENERATE_INFOPLIST_FILE = YES;
				INFOPLIST_KEY_UIApplicationSceneManifest_Generation = YES;
				INFOPLIST_KEY_UIApplicationSupportsIndirectInputEvents = YES;
				INFOPLIST_KEY_UILaunchScreen_Generation = YES;
				INFOPLIST_KEY_UISupportedInterfaceOrientations_iPad = "UIInterfaceOrientationPortrait UIInterfaceOrientationPortraitUpsideDown UIInterfaceOrientationLandscapeLeft UIInterfaceOrientationLandscapeRight";
				INFOPLIST_KEY_UISupportedInterfaceOrientations_iPhone = "UIInterfaceOrientationPortrait UIInterfaceOrientationLandscapeLeft UIInterfaceOrientationLandscapeRight";
				LD_RUNPATH_SEARCH_PATHS = (
					"$(inherited)",
					"@executable_path/Frameworks",
				);
				MARKETING_VERSION = 1.0;
				PRODUCT_BUNDLE_IDENTIFIER = "com.wiktorg.temp-0";
				PRODUCT_NAME = "$(TARGET_NAME)";
				SWIFT_EMIT_LOC_STRINGS = YES;
				SWIFT_VERSION = 5.0;
				TARGETED_DEVICE_FAMILY = "1,2";
			};
			name = Release;
		};
		EBEAD8CC2E5614CC007B6C5B /* Debug */ = {
			isa = XCBuildConfiguration;
			buildSettings = {
				BUNDLE_LOADER = "$(TEST_HOST)";
				CODE_SIGN_STYLE = Automatic;
				CURRENT_PROJECT_VERSION = 1;
				DEVELOPMENT_TEAM = 3GP25G7FT2;
				GENERATE_INFOPLIST_FILE = YES;
				IPHONEOS_DEPLOYMENT_TARGET = 18.5;
				MARKETING_VERSION = 1.0;
				PRODUCT_BUNDLE_IDENTIFIER = "com.wiktorg.temp-0Tests";
				PRODUCT_NAME = "$(TARGET_NAME)";
				SWIFT_EMIT_LOC_STRINGS = NO;
				SWIFT_VERSION = 5.0;
				TARGETED_DEVICE_FAMILY = "1,2";
				TEST_HOST = "$(BUILT_PRODUCTS_DIR)/temp_0.app/$(BUNDLE_EXECUTABLE_FOLDER_PATH)/temp_0";
			};
			name = Debug;
		};
		EBEAD8CD2E5614CC007B6C5B /* Release */ = {
			isa = XCBuildConfiguration;
			buildSettings = {
				BUNDLE_LOADER = "$(TEST_HOST)";
				CODE_SIGN_STYLE = Automatic;
				CURRENT_PROJECT_VERSION = 1;
				DEVELOPMENT_TEAM = 3GP25G7FT2;
				GENERATE_INFOPLIST_FILE = YES;
				IPHONEOS_DEPLOYMENT_TARGET = 18.5;
				MARKETING_VERSION = 1.0;
				PRODUCT_BUNDLE_IDENTIFIER = "com.wiktorg.temp-0Tests";
				PRODUCT_NAME = "$(TARGET_NAME)";
				SWIFT_EMIT_LOC_STRINGS = NO;
				SWIFT_VERSION = 5.0;
				TARGETED_DEVICE_FAMILY = "1,2";
				TEST_HOST = "$(BUILT_PRODUCTS_DIR)/temp_0.app/$(BUNDLE_EXECUTABLE_FOLDER_PATH)/temp_0";
			};
			name = Release;
		};
		EBEAD8CF2E5614CC007B6C5B /* Debug */ = {
			isa = XCBuildConfiguration;
			buildSettings = {
				CODE_SIGN_STYLE = Automatic;
				CURRENT_PROJECT_VERSION = 1;
				DEVELOPMENT_TEAM = 3GP25G7FT2;
				GENERATE_INFOPLIST_FILE = YES;
				MARKETING_VERSION = 1.0;
				OTHER_SWIFT_FLAGS = "";
				PRODUCT_BUNDLE_IDENTIFIER = "com.wiktorg.temp-0UITests";
				PRODUCT_NAME = "$(TARGET_NAME)";
				SWIFT_EMIT_LOC_STRINGS = NO;
				SWIFT_VERSION = 5.0;
				TARGETED_DEVICE_FAMILY = "1,2";
				TEST_TARGET_NAME = temp_0;
			};
			name = Debug;
		};
		EBEAD8D02E5614CC007B6C5B /* Release */ = {
			isa = XCBuildConfiguration;
			buildSettings = {
				CODE_SIGN_STYLE = Automatic;
				CURRENT_PROJECT_VERSION = 1;
				DEVELOPMENT_TEAM = 3GP25G7FT2;
				GENERATE_INFOPLIST_FILE = YES;
				MARKETING_VERSION = 1.0;
				OTHER_SWIFT_FLAGS = "";
				PRODUCT_BUNDLE_IDENTIFIER = "com.wiktorg.temp-0UITests";
				PRODUCT_NAME = "$(TARGET_NAME)";
				SWIFT_EMIT_LOC_STRINGS = NO;
				SWIFT_VERSION = 5.0;
				TARGETED_DEVICE_FAMILY = "1,2";
				TEST_TARGET_NAME = temp_0;
			};
			name = Release;
		};
/* End XCBuildConfiguration section */

/* Begin XCConfigurationList section */
		EBEAD8A22E5614CB007B6C5B /* Build configuration list for PBXProject "temp_0" */ = {
			isa = XCConfigurationList;
			buildConfigurations = (
				EBEAD8C62E5614CC007B6C5B /* Debug */,
				EBEAD8C72E5614CC007B6C5B /* Release */,
			);
			defaultConfigurationIsVisible = 0;
			defaultConfigurationName = Release;
		};
		EBEAD8C82E5614CC007B6C5B /* Build configuration list for PBXNativeTarget "temp_0" */ = {
			isa = XCConfigurationList;
			buildConfigurations = (
				EBEAD8C92E5614CC007B6C5B /* Debug */,
				EBEAD8CA2E5614CC007B6C5B /* Release */,
			);
			defaultConfigurationIsVisible = 0;
			defaultConfigurationName = Release;
		};
		EBEAD8CB2E5614CC007B6C5B /* Build configuration list for PBXNativeTarget "temp_0Tests" */ = {
			isa = XCConfigurationList;
			buildConfigurations = (
				EBEAD8CC2E5614CC007B6C5B /* Debug */,
				EBEAD8CD2E5614CC007B6C5B /* Release */,
			);
			defaultConfigurationIsVisible = 0;
			defaultConfigurationName = Release;
		};
		EBEAD8CE2E5614CC007B6C5B /* Build configuration list for PBXNativeTarget "temp_0UITests" */ = {
			isa = XCConfigurationList;
			buildConfigurations = (
				EBEAD8CF2E5614CC007B6C5B /* Debug */,
				EBEAD8D02E5614CC007B6C5B /* Release */,
			);
			defaultConfigurationIsVisible = 0;
			defaultConfigurationName = Release;
		};
/* End XCConfigurationList section */
	};
	rootObject = EBEAD89F2E5614CB007B6C5B /* Project object */;
}
